# THIS IS AN AUTOGENERATED FILE. DO NOT EDIT THIS FILE DIRECTLY.
# yarn lockfile v1


"@fortawesome/fontawesome-free@^6.1.2":
  version "6.1.2"
  resolved "https://registry.yarnpkg.com/@fortawesome/fontawesome-free/-/fontawesome-free-6.1.2.tgz#d18880eddeadd42b1c64cb559f2f3d13d47a4a64"
  integrity sha512-XwWADtfdSN73/udaFm+1mnGIj/ShDZNFMe/PRoqv3FhQ4GNI2PUN70yFTPsjq65Lw2C9i4TG5/hTbxXIXVCiqQ==
